
Microsoft Visual Studio Solution File, Format Version 12.00
# Visual Studio Version 16
VisualStudioVersion = 16.0.30907.101
MinimumVisualStudioVersion = 10.0.40219.1
Project("{FAE04EC0-301F-11D3-BF4B-00C04F79EFBC}") = "lesson 13 - class", "lesson 13 - class\lesson 13 - class.csproj", "{117A893E-D7E7-4EEF-866C-61291C9C9653}"
EndProject
Global
	GlobalSection(SolutionConfigurationPlatforms) = preSolution
		Debug|Any CPU = Debug|Any CPU
		Release|Any CPU = Release|Any CPU
	EndGlobalSection
	GlobalSection(ProjectConfigurationPlatforms) = postSolution
		{117A893E-D7E7-4EEF-866C-61291C9C9653}.Debug|Any CPU.ActiveCfg = Debug|Any CPU
		{117A893E-D7E7-4EEF-866C-61291C9C9653}.Debug|Any CPU.Build.0 = Debug|Any CPU
		{117A893E-D7E7-4EEF-866C-61291C9C9653}.Release|Any CPU.ActiveCfg = Release|Any CPU
		{117A893E-D7E7-4EEF-866C-61291C9C9653}.Release|Any CPU.Build.0 = Release|Any CPU
	EndGlobalSection
	GlobalSection(SolutionProperties) = preSolution
		HideSolutionNode = FALSE
	EndGlobalSection
	GlobalSection(ExtensibilityGlobals) = postSolution
		SolutionGuid = {F3010CD5-CBDD-4B9D-AD62-3C07C097463B}
	EndGlobalSection
EndGlobal
