
Microsoft Visual Studio Solution File, Format Version 12.00
# Visual Studio Version 16
VisualStudioVersion = 16.0.30907.101
MinimumVisualStudioVersion = 10.0.40219.1
Project("{FAE04EC0-301F-11D3-BF4B-00C04F79EFBC}") = "homwork if else 5", "homwork if else 5\homwork if else 5.csproj", "{3DAF1624-60FB-4145-8EBE-CEAAE7F6271E}"
EndProject
Global
	GlobalSection(SolutionConfigurationPlatforms) = preSolution
		Debug|Any CPU = Debug|Any CPU
		Release|Any CPU = Release|Any CPU
	EndGlobalSection
	GlobalSection(ProjectConfigurationPlatforms) = postSolution
		{3DAF1624-60FB-4145-8EBE-CEAAE7F6271E}.Debug|Any CPU.ActiveCfg = Debug|Any CPU
		{3DAF1624-60FB-4145-8EBE-CEAAE7F6271E}.Debug|Any CPU.Build.0 = Debug|Any CPU
		{3DAF1624-60FB-4145-8EBE-CEAAE7F6271E}.Release|Any CPU.ActiveCfg = Release|Any CPU
		{3DAF1624-60FB-4145-8EBE-CEAAE7F6271E}.Release|Any CPU.Build.0 = Release|Any CPU
	EndGlobalSection
	GlobalSection(SolutionProperties) = preSolution
		HideSolutionNode = FALSE
	EndGlobalSection
	GlobalSection(ExtensibilityGlobals) = postSolution
		SolutionGuid = {28556A06-8A46-4306-B110-6FC53481F0EB}
	EndGlobalSection
EndGlobal
