
Microsoft Visual Studio Solution File, Format Version 12.00
# Visual Studio Version 16
VisualStudioVersion = 16.0.30907.101
MinimumVisualStudioVersion = 10.0.40219.1
Project("{FAE04EC0-301F-11D3-BF4B-00C04F79EFBC}") = "lesson14 - class", "lesson14 - class\lesson14 - class.csproj", "{B4C64C19-D0E9-4D90-BD7A-C7DCF66A73A5}"
EndProject
Global
	GlobalSection(SolutionConfigurationPlatforms) = preSolution
		Debug|Any CPU = Debug|Any CPU
		Release|Any CPU = Release|Any CPU
	EndGlobalSection
	GlobalSection(ProjectConfigurationPlatforms) = postSolution
		{B4C64C19-D0E9-4D90-BD7A-C7DCF66A73A5}.Debug|Any CPU.ActiveCfg = Debug|Any CPU
		{B4C64C19-D0E9-4D90-BD7A-C7DCF66A73A5}.Debug|Any CPU.Build.0 = Debug|Any CPU
		{B4C64C19-D0E9-4D90-BD7A-C7DCF66A73A5}.Release|Any CPU.ActiveCfg = Release|Any CPU
		{B4C64C19-D0E9-4D90-BD7A-C7DCF66A73A5}.Release|Any CPU.Build.0 = Release|Any CPU
	EndGlobalSection
	GlobalSection(SolutionProperties) = preSolution
		HideSolutionNode = FALSE
	EndGlobalSection
	GlobalSection(ExtensibilityGlobals) = postSolution
		SolutionGuid = {E2E24B61-0616-40BC-B92B-D95EB9582DA5}
	EndGlobalSection
EndGlobal
