
Microsoft Visual Studio Solution File, Format Version 12.00
# Visual Studio Version 16
VisualStudioVersion = 16.0.30907.101
MinimumVisualStudioVersion = 10.0.40219.1
Project("{FAE04EC0-301F-11D3-BF4B-00C04F79EFBC}") = "homework if else 1", "homework if else 1\homework if else 1.csproj", "{42D0E69C-0D58-4D29-9E93-7F699E25887C}"
EndProject
Global
	GlobalSection(SolutionConfigurationPlatforms) = preSolution
		Debug|Any CPU = Debug|Any CPU
		Release|Any CPU = Release|Any CPU
	EndGlobalSection
	GlobalSection(ProjectConfigurationPlatforms) = postSolution
		{42D0E69C-0D58-4D29-9E93-7F699E25887C}.Debug|Any CPU.ActiveCfg = Debug|Any CPU
		{42D0E69C-0D58-4D29-9E93-7F699E25887C}.Debug|Any CPU.Build.0 = Debug|Any CPU
		{42D0E69C-0D58-4D29-9E93-7F699E25887C}.Release|Any CPU.ActiveCfg = Release|Any CPU
		{42D0E69C-0D58-4D29-9E93-7F699E25887C}.Release|Any CPU.Build.0 = Release|Any CPU
	EndGlobalSection
	GlobalSection(SolutionProperties) = preSolution
		HideSolutionNode = FALSE
	EndGlobalSection
	GlobalSection(ExtensibilityGlobals) = postSolution
		SolutionGuid = {73DABF9B-929E-42B3-943F-997585E80E2C}
	EndGlobalSection
EndGlobal
