
Microsoft Visual Studio Solution File, Format Version 12.00
# Visual Studio Version 16
VisualStudioVersion = 16.0.30907.101
MinimumVisualStudioVersion = 10.0.40219.1
Project("{FAE04EC0-301F-11D3-BF4B-00C04F79EFBC}") = "lesson7_class", "lesson7_class\lesson7_class.csproj", "{6ED74054-EF03-4C73-A9AF-1C5EFAAAE0C0}"
EndProject
Global
	GlobalSection(SolutionConfigurationPlatforms) = preSolution
		Debug|Any CPU = Debug|Any CPU
		Release|Any CPU = Release|Any CPU
	EndGlobalSection
	GlobalSection(ProjectConfigurationPlatforms) = postSolution
		{6ED74054-EF03-4C73-A9AF-1C5EFAAAE0C0}.Debug|Any CPU.ActiveCfg = Debug|Any CPU
		{6ED74054-EF03-4C73-A9AF-1C5EFAAAE0C0}.Debug|Any CPU.Build.0 = Debug|Any CPU
		{6ED74054-EF03-4C73-A9AF-1C5EFAAAE0C0}.Release|Any CPU.ActiveCfg = Release|Any CPU
		{6ED74054-EF03-4C73-A9AF-1C5EFAAAE0C0}.Release|Any CPU.Build.0 = Release|Any CPU
	EndGlobalSection
	GlobalSection(SolutionProperties) = preSolution
		HideSolutionNode = FALSE
	EndGlobalSection
	GlobalSection(ExtensibilityGlobals) = postSolution
		SolutionGuid = {8F354F5F-00BB-4E64-9520-24906FA74FF1}
	EndGlobalSection
EndGlobal
