
Microsoft Visual Studio Solution File, Format Version 12.00
# Visual Studio Version 16
VisualStudioVersion = 16.0.30907.101
MinimumVisualStudioVersion = 10.0.40219.1
Project("{FAE04EC0-301F-11D3-BF4B-00C04F79EFBC}") = "lesson 4 homework", "lesson 4 homework\lesson 4 homework.csproj", "{076CAE26-B8D6-4501-A79E-01B418FC3B20}"
EndProject
Global
	GlobalSection(SolutionConfigurationPlatforms) = preSolution
		Debug|Any CPU = Debug|Any CPU
		Release|Any CPU = Release|Any CPU
	EndGlobalSection
	GlobalSection(ProjectConfigurationPlatforms) = postSolution
		{076CAE26-B8D6-4501-A79E-01B418FC3B20}.Debug|Any CPU.ActiveCfg = Debug|Any CPU
		{076CAE26-B8D6-4501-A79E-01B418FC3B20}.Debug|Any CPU.Build.0 = Debug|Any CPU
		{076CAE26-B8D6-4501-A79E-01B418FC3B20}.Release|Any CPU.ActiveCfg = Release|Any CPU
		{076CAE26-B8D6-4501-A79E-01B418FC3B20}.Release|Any CPU.Build.0 = Release|Any CPU
	EndGlobalSection
	GlobalSection(SolutionProperties) = preSolution
		HideSolutionNode = FALSE
	EndGlobalSection
	GlobalSection(ExtensibilityGlobals) = postSolution
		SolutionGuid = {82DC4CDC-9CD0-48BD-9D9D-E714111FCB2D}
	EndGlobalSection
EndGlobal
